
Microsoft Visual Studio Solution File, Format Version 12.00
# Visual Studio Version 16
VisualStudioVersion = 25.0.1706.4
MinimumVisualStudioVersion = 10.0.40219.1
Project("{FAE04EC0-301F-11D3-BF4B-00C04F79EFBC}") = "ЛР№6_У3_№3", "ЛР№6_У3_№3\ЛР№6_У3_№3.csproj", "{14FFD4DE-52D1-4D71-B75E-7BBC03130A31}"
EndProject
Global
	GlobalSection(SolutionConfigurationPlatforms) = preSolution
		Debug|Any CPU = Debug|Any CPU
		Release|Any CPU = Release|Any CPU
	EndGlobalSection
	GlobalSection(ProjectConfigurationPlatforms) = postSolution
		{14FFD4DE-52D1-4D71-B75E-7BBC03130A31}.Debug|Any CPU.ActiveCfg = Debug|Any CPU
		{14FFD4DE-52D1-4D71-B75E-7BBC03130A31}.Debug|Any CPU.Build.0 = Debug|Any CPU
		{14FFD4DE-52D1-4D71-B75E-7BBC03130A31}.Release|Any CPU.ActiveCfg = Release|Any CPU
		{14FFD4DE-52D1-4D71-B75E-7BBC03130A31}.Release|Any CPU.Build.0 = Release|Any CPU
	EndGlobalSection
	GlobalSection(SolutionProperties) = preSolution
		HideSolutionNode = FALSE
	EndGlobalSection
	GlobalSection(ExtensibilityGlobals) = postSolution
		SolutionGuid = {D9638509-5E51-4BC7-A42A-82DE38C0230D}
	EndGlobalSection
EndGlobal
