
Microsoft Visual Studio Solution File, Format Version 12.00
# Visual Studio Version 17
VisualStudioVersion = 17.9.34622.214
MinimumVisualStudioVersion = 10.0.40219.1
Project("{FAE04EC0-301F-11D3-BF4B-00C04F79EFBC}") = "61", "лаба 6\61.csproj", "{B2811AC8-AC8C-4C46-A24F-483289C9EAC4}"
EndProject
Project("{FAE04EC0-301F-11D3-BF4B-00C04F79EFBC}") = "62", "62\62.csproj", "{500DA71D-373E-409D-AF91-6C7907AA68F9}"
EndProject
Project("{FAE04EC0-301F-11D3-BF4B-00C04F79EFBC}") = "63", "63\63.csproj", "{167972D9-A881-4B6F-BC3F-49E31DE72352}"
EndProject
Global
	GlobalSection(SolutionConfigurationPlatforms) = preSolution
		Debug|Any CPU = Debug|Any CPU
		Release|Any CPU = Release|Any CPU
	EndGlobalSection
	GlobalSection(ProjectConfigurationPlatforms) = postSolution
		{B2811AC8-AC8C-4C46-A24F-483289C9EAC4}.Debug|Any CPU.ActiveCfg = Debug|Any CPU
		{B2811AC8-AC8C-4C46-A24F-483289C9EAC4}.Debug|Any CPU.Build.0 = Debug|Any CPU
		{B2811AC8-AC8C-4C46-A24F-483289C9EAC4}.Release|Any CPU.ActiveCfg = Release|Any CPU
		{B2811AC8-AC8C-4C46-A24F-483289C9EAC4}.Release|Any CPU.Build.0 = Release|Any CPU
		{500DA71D-373E-409D-AF91-6C7907AA68F9}.Debug|Any CPU.ActiveCfg = Debug|Any CPU
		{500DA71D-373E-409D-AF91-6C7907AA68F9}.Debug|Any CPU.Build.0 = Debug|Any CPU
		{500DA71D-373E-409D-AF91-6C7907AA68F9}.Release|Any CPU.ActiveCfg = Release|Any CPU
		{500DA71D-373E-409D-AF91-6C7907AA68F9}.Release|Any CPU.Build.0 = Release|Any CPU
		{167972D9-A881-4B6F-BC3F-49E31DE72352}.Debug|Any CPU.ActiveCfg = Debug|Any CPU
		{167972D9-A881-4B6F-BC3F-49E31DE72352}.Debug|Any CPU.Build.0 = Debug|Any CPU
		{167972D9-A881-4B6F-BC3F-49E31DE72352}.Release|Any CPU.ActiveCfg = Release|Any CPU
		{167972D9-A881-4B6F-BC3F-49E31DE72352}.Release|Any CPU.Build.0 = Release|Any CPU
	EndGlobalSection
	GlobalSection(SolutionProperties) = preSolution
		HideSolutionNode = FALSE
	EndGlobalSection
	GlobalSection(ExtensibilityGlobals) = postSolution
		SolutionGuid = {C62A7490-69C8-4D5B-A854-5FEA6FFB81A2}
	EndGlobalSection
EndGlobal
