
Microsoft Visual Studio Solution File, Format Version 12.00
# Visual Studio Version 16
VisualStudioVersion = 25.0.1706.9
MinimumVisualStudioVersion = 10.0.40219.1
Project("{FAE04EC0-301F-11D3-BF4B-00C04F79EFBC}") = "task2", "task2\task2.csproj", "{D3E0F808-F003-4297-BA30-0547DB23D04F}"
EndProject
Global
	GlobalSection(SolutionConfigurationPlatforms) = preSolution
		Debug|Any CPU = Debug|Any CPU
		Release|Any CPU = Release|Any CPU
	EndGlobalSection
	GlobalSection(ProjectConfigurationPlatforms) = postSolution
		{D3E0F808-F003-4297-BA30-0547DB23D04F}.Debug|Any CPU.ActiveCfg = Debug|Any CPU
		{D3E0F808-F003-4297-BA30-0547DB23D04F}.Debug|Any CPU.Build.0 = Debug|Any CPU
		{D3E0F808-F003-4297-BA30-0547DB23D04F}.Release|Any CPU.ActiveCfg = Release|Any CPU
		{D3E0F808-F003-4297-BA30-0547DB23D04F}.Release|Any CPU.Build.0 = Release|Any CPU
	EndGlobalSection
	GlobalSection(SolutionProperties) = preSolution
		HideSolutionNode = FALSE
	EndGlobalSection
	GlobalSection(ExtensibilityGlobals) = postSolution
		SolutionGuid = {B28F5ECF-FD77-40C1-9BDD-A78E82CE3A64}
	EndGlobalSection
EndGlobal
