
Microsoft Visual Studio Solution File, Format Version 12.00
# Visual Studio Version 17
VisualStudioVersion = 17.7.34031.279
MinimumVisualStudioVersion = 10.0.40219.1
Project("{9A19103F-16F7-4668-BE54-9A1E7A4F7556}") = "ConsoleApp1", "..\ConsoleApp1\ConsoleApp1.csproj", "{7930EF77-C8D3-47DB-BB29-207656E9E87D}"
EndProject
Project("{FAE04EC0-301F-11D3-BF4B-00C04F79EFBC}") = "ConsoleApp2", "..\ConsoleApp2\ConsoleApp2.csproj", "{B716169F-38D0-4E65-A39B-99BCB197B138}"
EndProject
Global
	GlobalSection(SolutionConfigurationPlatforms) = preSolution
		Debug|Any CPU = Debug|Any CPU
		Release|Any CPU = Release|Any CPU
	EndGlobalSection
	GlobalSection(ProjectConfigurationPlatforms) = postSolution
		{7930EF77-C8D3-47DB-BB29-207656E9E87D}.Debug|Any CPU.ActiveCfg = Debug|Any CPU
		{7930EF77-C8D3-47DB-BB29-207656E9E87D}.Debug|Any CPU.Build.0 = Debug|Any CPU
		{7930EF77-C8D3-47DB-BB29-207656E9E87D}.Release|Any CPU.ActiveCfg = Release|Any CPU
		{7930EF77-C8D3-47DB-BB29-207656E9E87D}.Release|Any CPU.Build.0 = Release|Any CPU
		{B716169F-38D0-4E65-A39B-99BCB197B138}.Debug|Any CPU.ActiveCfg = Debug|Any CPU
		{B716169F-38D0-4E65-A39B-99BCB197B138}.Debug|Any CPU.Build.0 = Debug|Any CPU
		{B716169F-38D0-4E65-A39B-99BCB197B138}.Release|Any CPU.ActiveCfg = Release|Any CPU
		{B716169F-38D0-4E65-A39B-99BCB197B138}.Release|Any CPU.Build.0 = Release|Any CPU
	EndGlobalSection
	GlobalSection(SolutionProperties) = preSolution
		HideSolutionNode = FALSE
	EndGlobalSection
	GlobalSection(ExtensibilityGlobals) = postSolution
		SolutionGuid = {9BEC17A3-1662-458C-A3F0-47EA8D4CFBDA}
	EndGlobalSection
EndGlobal
