
Microsoft Visual Studio Solution File, Format Version 12.00
# Visual Studio Version 17
VisualStudioVersion = 17.7.34031.279
MinimumVisualStudioVersion = 10.0.40219.1
Project("{FAE04EC0-301F-11D3-BF4B-00C04F79EFBC}") = "61", "61\61.csproj", "{EA61D076-7937-4062-BD63-C3F1E1C2E8E0}"
EndProject
Project("{FAE04EC0-301F-11D3-BF4B-00C04F79EFBC}") = "62", "62\62.csproj", "{7763BD66-83CC-42EC-AA9A-F8E1184EC7EA}"
EndProject
Project("{FAE04EC0-301F-11D3-BF4B-00C04F79EFBC}") = "63", "63\63.csproj", "{87BF0C6D-4D85-4A5A-89C1-81ED3CF102A2}"
EndProject
Global
	GlobalSection(SolutionConfigurationPlatforms) = preSolution
		Debug|Any CPU = Debug|Any CPU
		Release|Any CPU = Release|Any CPU
	EndGlobalSection
	GlobalSection(ProjectConfigurationPlatforms) = postSolution
		{EA61D076-7937-4062-BD63-C3F1E1C2E8E0}.Debug|Any CPU.ActiveCfg = Debug|Any CPU
		{EA61D076-7937-4062-BD63-C3F1E1C2E8E0}.Debug|Any CPU.Build.0 = Debug|Any CPU
		{EA61D076-7937-4062-BD63-C3F1E1C2E8E0}.Release|Any CPU.ActiveCfg = Release|Any CPU
		{EA61D076-7937-4062-BD63-C3F1E1C2E8E0}.Release|Any CPU.Build.0 = Release|Any CPU
		{7763BD66-83CC-42EC-AA9A-F8E1184EC7EA}.Debug|Any CPU.ActiveCfg = Debug|Any CPU
		{7763BD66-83CC-42EC-AA9A-F8E1184EC7EA}.Debug|Any CPU.Build.0 = Debug|Any CPU
		{7763BD66-83CC-42EC-AA9A-F8E1184EC7EA}.Release|Any CPU.ActiveCfg = Release|Any CPU
		{7763BD66-83CC-42EC-AA9A-F8E1184EC7EA}.Release|Any CPU.Build.0 = Release|Any CPU
		{87BF0C6D-4D85-4A5A-89C1-81ED3CF102A2}.Debug|Any CPU.ActiveCfg = Debug|Any CPU
		{87BF0C6D-4D85-4A5A-89C1-81ED3CF102A2}.Debug|Any CPU.Build.0 = Debug|Any CPU
		{87BF0C6D-4D85-4A5A-89C1-81ED3CF102A2}.Release|Any CPU.ActiveCfg = Release|Any CPU
		{87BF0C6D-4D85-4A5A-89C1-81ED3CF102A2}.Release|Any CPU.Build.0 = Release|Any CPU
	EndGlobalSection
	GlobalSection(SolutionProperties) = preSolution
		HideSolutionNode = FALSE
	EndGlobalSection
	GlobalSection(ExtensibilityGlobals) = postSolution
		SolutionGuid = {FE833F90-C438-48AD-94BA-E34BF9A45E1F}
	EndGlobalSection
EndGlobal
