
Microsoft Visual Studio Solution File, Format Version 12.00
# Visual Studio Version 17
VisualStudioVersion = 17.7.34018.315
MinimumVisualStudioVersion = 10.0.40219.1
Project("{FAE04EC0-301F-11D3-BF4B-00C04F79EFBC}") = "6 laba 1", "6 laba 1\6 laba 1.csproj", "{39A60FB2-C009-4478-866C-09B8116CAF69}"
EndProject
Global
	GlobalSection(SolutionConfigurationPlatforms) = preSolution
		Debug|Any CPU = Debug|Any CPU
		Release|Any CPU = Release|Any CPU
	EndGlobalSection
	GlobalSection(ProjectConfigurationPlatforms) = postSolution
		{39A60FB2-C009-4478-866C-09B8116CAF69}.Debug|Any CPU.ActiveCfg = Debug|Any CPU
		{39A60FB2-C009-4478-866C-09B8116CAF69}.Debug|Any CPU.Build.0 = Debug|Any CPU
		{39A60FB2-C009-4478-866C-09B8116CAF69}.Release|Any CPU.ActiveCfg = Release|Any CPU
		{39A60FB2-C009-4478-866C-09B8116CAF69}.Release|Any CPU.Build.0 = Release|Any CPU
	EndGlobalSection
	GlobalSection(SolutionProperties) = preSolution
		HideSolutionNode = FALSE
	EndGlobalSection
	GlobalSection(ExtensibilityGlobals) = postSolution
		SolutionGuid = {3CA568A0-6F68-4762-A025-0B77FB957773}
	EndGlobalSection
EndGlobal
